
Microsoft Visual Studio Solution File, Format Version 11.00
# Visual Studio 2010
Project("{FAE04EC0-301F-11D3-BF4B-00C04F79EFBC}") = "Core", "Core\Core.csproj", "{93E96FFB-2675-4232-A1EA-8171C010A266}"
EndProject
Project("{2150E333-8FDC-42A3-9474-1A3956D46DE8}") = "Solution Items", "Solution Items", "{721FC87D-ABC3-42B2-88C2-48F08EE378AF}"
	ProjectSection(SolutionItems) = preProject
		BibliotecaDigitalConarq.vsmdi = BibliotecaDigitalConarq.vsmdi
		Local.testsettings = Local.testsettings
		TraceAndTestImpact.testsettings = TraceAndTestImpact.testsettings
	EndProjectSection
EndProject
Project("{FAE04EC0-301F-11D3-BF4B-00C04F79EFBC}") = "Core.Tests", "Core.Tests\Core.Tests.csproj", "{7768C572-0933-463F-8E6E-47F8F343E4A6}"
EndProject
Project("{FAE04EC0-301F-11D3-BF4B-00C04F79EFBC}") = "CodingSandbox", "CodingSandbox\CodingSandbox.csproj", "{4AD6926F-D0D2-4461-946B-F3F334906EBF}"
EndProject
Project("{FAE04EC0-301F-11D3-BF4B-00C04F79EFBC}") = "Web", "Web\Web.csproj", "{E3548C46-A05C-41A7-B476-C8503704083A}"
EndProject
Project("{FAE04EC0-301F-11D3-BF4B-00C04F79EFBC}") = "Web.Tests", "Web.Tests\Web.Tests.csproj", "{FFBD6C4E-6A7A-41F1-8006-F4C4C5068520}"
EndProject
Project("{FAE04EC0-301F-11D3-BF4B-00C04F79EFBC}") = "TrilhaAuditoria", "TrilhaAuditoria\TrilhaAuditoria.csproj", "{04EE8E78-53A8-410A-99DB-5801CE0B9EFB}"
EndProject
Global
	GlobalSection(SubversionScc) = preSolution
		Svn-Managed = True
		Manager = AnkhSVN - Subversion Support for Visual Studio
	EndGlobalSection
	GlobalSection(TestCaseManagementSettings) = postSolution
		CategoryFile = BibliotecaDigitalConarq.vsmdi
	EndGlobalSection
	GlobalSection(SolutionConfigurationPlatforms) = preSolution
		Debug|Any CPU = Debug|Any CPU
		Debug|Mixed Platforms = Debug|Mixed Platforms
		Debug|x86 = Debug|x86
		Release|Any CPU = Release|Any CPU
		Release|Mixed Platforms = Release|Mixed Platforms
		Release|x86 = Release|x86
	EndGlobalSection
	GlobalSection(ProjectConfigurationPlatforms) = postSolution
		{93E96FFB-2675-4232-A1EA-8171C010A266}.Debug|Any CPU.ActiveCfg = Debug|Any CPU
		{93E96FFB-2675-4232-A1EA-8171C010A266}.Debug|Any CPU.Build.0 = Debug|Any CPU
		{93E96FFB-2675-4232-A1EA-8171C010A266}.Debug|Mixed Platforms.ActiveCfg = Debug|Any CPU
		{93E96FFB-2675-4232-A1EA-8171C010A266}.Debug|Mixed Platforms.Build.0 = Debug|Any CPU
		{93E96FFB-2675-4232-A1EA-8171C010A266}.Debug|x86.ActiveCfg = Debug|Any CPU
		{93E96FFB-2675-4232-A1EA-8171C010A266}.Release|Any CPU.ActiveCfg = Release|Any CPU
		{93E96FFB-2675-4232-A1EA-8171C010A266}.Release|Any CPU.Build.0 = Release|Any CPU
		{93E96FFB-2675-4232-A1EA-8171C010A266}.Release|Mixed Platforms.ActiveCfg = Release|Any CPU
		{93E96FFB-2675-4232-A1EA-8171C010A266}.Release|Mixed Platforms.Build.0 = Release|Any CPU
		{93E96FFB-2675-4232-A1EA-8171C010A266}.Release|x86.ActiveCfg = Release|Any CPU
		{7768C572-0933-463F-8E6E-47F8F343E4A6}.Debug|Any CPU.ActiveCfg = Debug|Any CPU
		{7768C572-0933-463F-8E6E-47F8F343E4A6}.Debug|Any CPU.Build.0 = Debug|Any CPU
		{7768C572-0933-463F-8E6E-47F8F343E4A6}.Debug|Mixed Platforms.ActiveCfg = Debug|Any CPU
		{7768C572-0933-463F-8E6E-47F8F343E4A6}.Debug|Mixed Platforms.Build.0 = Debug|Any CPU
		{7768C572-0933-463F-8E6E-47F8F343E4A6}.Debug|x86.ActiveCfg = Debug|Any CPU
		{7768C572-0933-463F-8E6E-47F8F343E4A6}.Release|Any CPU.ActiveCfg = Release|Any CPU
		{7768C572-0933-463F-8E6E-47F8F343E4A6}.Release|Any CPU.Build.0 = Release|Any CPU
		{7768C572-0933-463F-8E6E-47F8F343E4A6}.Release|Mixed Platforms.ActiveCfg = Release|Any CPU
		{7768C572-0933-463F-8E6E-47F8F343E4A6}.Release|Mixed Platforms.Build.0 = Release|Any CPU
		{7768C572-0933-463F-8E6E-47F8F343E4A6}.Release|x86.ActiveCfg = Release|Any CPU
		{4AD6926F-D0D2-4461-946B-F3F334906EBF}.Debug|Any CPU.ActiveCfg = Debug|x86
		{4AD6926F-D0D2-4461-946B-F3F334906EBF}.Debug|Mixed Platforms.ActiveCfg = Debug|x86
		{4AD6926F-D0D2-4461-946B-F3F334906EBF}.Debug|Mixed Platforms.Build.0 = Debug|x86
		{4AD6926F-D0D2-4461-946B-F3F334906EBF}.Debug|x86.ActiveCfg = Debug|x86
		{4AD6926F-D0D2-4461-946B-F3F334906EBF}.Debug|x86.Build.0 = Debug|x86
		{4AD6926F-D0D2-4461-946B-F3F334906EBF}.Release|Any CPU.ActiveCfg = Release|x86
		{4AD6926F-D0D2-4461-946B-F3F334906EBF}.Release|Mixed Platforms.ActiveCfg = Release|x86
		{4AD6926F-D0D2-4461-946B-F3F334906EBF}.Release|Mixed Platforms.Build.0 = Release|x86
		{4AD6926F-D0D2-4461-946B-F3F334906EBF}.Release|x86.ActiveCfg = Release|x86
		{4AD6926F-D0D2-4461-946B-F3F334906EBF}.Release|x86.Build.0 = Release|x86
		{E3548C46-A05C-41A7-B476-C8503704083A}.Debug|Any CPU.ActiveCfg = Debug|Any CPU
		{E3548C46-A05C-41A7-B476-C8503704083A}.Debug|Any CPU.Build.0 = Debug|Any CPU
		{E3548C46-A05C-41A7-B476-C8503704083A}.Debug|Mixed Platforms.ActiveCfg = Debug|Any CPU
		{E3548C46-A05C-41A7-B476-C8503704083A}.Debug|Mixed Platforms.Build.0 = Debug|Any CPU
		{E3548C46-A05C-41A7-B476-C8503704083A}.Debug|x86.ActiveCfg = Debug|Any CPU
		{E3548C46-A05C-41A7-B476-C8503704083A}.Release|Any CPU.ActiveCfg = Release|Any CPU
		{E3548C46-A05C-41A7-B476-C8503704083A}.Release|Any CPU.Build.0 = Release|Any CPU
		{E3548C46-A05C-41A7-B476-C8503704083A}.Release|Mixed Platforms.ActiveCfg = Release|Any CPU
		{E3548C46-A05C-41A7-B476-C8503704083A}.Release|Mixed Platforms.Build.0 = Release|Any CPU
		{E3548C46-A05C-41A7-B476-C8503704083A}.Release|x86.ActiveCfg = Release|Any CPU
		{FFBD6C4E-6A7A-41F1-8006-F4C4C5068520}.Debug|Any CPU.ActiveCfg = Debug|Any CPU
		{FFBD6C4E-6A7A-41F1-8006-F4C4C5068520}.Debug|Any CPU.Build.0 = Debug|Any CPU
		{FFBD6C4E-6A7A-41F1-8006-F4C4C5068520}.Debug|Mixed Platforms.ActiveCfg = Debug|Any CPU
		{FFBD6C4E-6A7A-41F1-8006-F4C4C5068520}.Debug|Mixed Platforms.Build.0 = Debug|Any CPU
		{FFBD6C4E-6A7A-41F1-8006-F4C4C5068520}.Debug|x86.ActiveCfg = Debug|Any CPU
		{FFBD6C4E-6A7A-41F1-8006-F4C4C5068520}.Release|Any CPU.ActiveCfg = Release|Any CPU
		{FFBD6C4E-6A7A-41F1-8006-F4C4C5068520}.Release|Any CPU.Build.0 = Release|Any CPU
		{FFBD6C4E-6A7A-41F1-8006-F4C4C5068520}.Release|Mixed Platforms.ActiveCfg = Release|Any CPU
		{FFBD6C4E-6A7A-41F1-8006-F4C4C5068520}.Release|Mixed Platforms.Build.0 = Release|Any CPU
		{FFBD6C4E-6A7A-41F1-8006-F4C4C5068520}.Release|x86.ActiveCfg = Release|Any CPU
		{04EE8E78-53A8-410A-99DB-5801CE0B9EFB}.Debug|Any CPU.ActiveCfg = Debug|Any CPU
		{04EE8E78-53A8-410A-99DB-5801CE0B9EFB}.Debug|Any CPU.Build.0 = Debug|Any CPU
		{04EE8E78-53A8-410A-99DB-5801CE0B9EFB}.Debug|Mixed Platforms.ActiveCfg = Debug|Any CPU
		{04EE8E78-53A8-410A-99DB-5801CE0B9EFB}.Debug|Mixed Platforms.Build.0 = Debug|Any CPU
		{04EE8E78-53A8-410A-99DB-5801CE0B9EFB}.Debug|x86.ActiveCfg = Debug|Any CPU
		{04EE8E78-53A8-410A-99DB-5801CE0B9EFB}.Release|Any CPU.ActiveCfg = Release|Any CPU
		{04EE8E78-53A8-410A-99DB-5801CE0B9EFB}.Release|Any CPU.Build.0 = Release|Any CPU
		{04EE8E78-53A8-410A-99DB-5801CE0B9EFB}.Release|Mixed Platforms.ActiveCfg = Release|Any CPU
		{04EE8E78-53A8-410A-99DB-5801CE0B9EFB}.Release|Mixed Platforms.Build.0 = Release|Any CPU
		{04EE8E78-53A8-410A-99DB-5801CE0B9EFB}.Release|x86.ActiveCfg = Release|Any CPU
	EndGlobalSection
	GlobalSection(SolutionProperties) = preSolution
		HideSolutionNode = FALSE
	EndGlobalSection
EndGlobal
