
Microsoft Visual Studio Solution File, Format Version 11.00
# Visual Studio 2010
Project("{FAE04EC0-301F-11D3-BF4B-00C04F79EFBC}") = "Web", "BibliotecaDigitalConarq.Web\Web.csproj", "{8BB4D1C5-24F6-46CD-A1C4-496913183008}"
EndProject
Project("{FAE04EC0-301F-11D3-BF4B-00C04F79EFBC}") = "Web.Tests", "BibliotecaDigitalConarq.Web.Tests\Web.Tests.csproj", "{814DE75E-941E-4FB6-916A-9AD9BB4E7484}"
EndProject
Project("{FAE04EC0-301F-11D3-BF4B-00C04F79EFBC}") = "Core", "Core\Core.csproj", "{93E96FFB-2675-4232-A1EA-8171C010A266}"
EndProject
Global
	GlobalSection(SubversionScc) = preSolution
		Svn-Managed = True
		Manager = AnkhSVN - Subversion Support for Visual Studio
	EndGlobalSection
	GlobalSection(SolutionConfigurationPlatforms) = preSolution
		Debug|Any CPU = Debug|Any CPU
		Release|Any CPU = Release|Any CPU
	EndGlobalSection
	GlobalSection(ProjectConfigurationPlatforms) = postSolution
		{8BB4D1C5-24F6-46CD-A1C4-496913183008}.Debug|Any CPU.ActiveCfg = Debug|Any CPU
		{8BB4D1C5-24F6-46CD-A1C4-496913183008}.Debug|Any CPU.Build.0 = Debug|Any CPU
		{8BB4D1C5-24F6-46CD-A1C4-496913183008}.Release|Any CPU.ActiveCfg = Release|Any CPU
		{8BB4D1C5-24F6-46CD-A1C4-496913183008}.Release|Any CPU.Build.0 = Release|Any CPU
		{814DE75E-941E-4FB6-916A-9AD9BB4E7484}.Debug|Any CPU.ActiveCfg = Debug|Any CPU
		{814DE75E-941E-4FB6-916A-9AD9BB4E7484}.Debug|Any CPU.Build.0 = Debug|Any CPU
		{814DE75E-941E-4FB6-916A-9AD9BB4E7484}.Release|Any CPU.ActiveCfg = Release|Any CPU
		{814DE75E-941E-4FB6-916A-9AD9BB4E7484}.Release|Any CPU.Build.0 = Release|Any CPU
		{93E96FFB-2675-4232-A1EA-8171C010A266}.Debug|Any CPU.ActiveCfg = Debug|Any CPU
		{93E96FFB-2675-4232-A1EA-8171C010A266}.Debug|Any CPU.Build.0 = Debug|Any CPU
		{93E96FFB-2675-4232-A1EA-8171C010A266}.Release|Any CPU.ActiveCfg = Release|Any CPU
		{93E96FFB-2675-4232-A1EA-8171C010A266}.Release|Any CPU.Build.0 = Release|Any CPU
	EndGlobalSection
	GlobalSection(SolutionProperties) = preSolution
		HideSolutionNode = FALSE
	EndGlobalSection
EndGlobal
